
Microsoft Visual Studio Solution File, Format Version 12.00
# Visual Studio Express 14 for Web
VisualStudioVersion = 14.0.23107.0
MinimumVisualStudioVersion = 10.0.40219.1
Project("{FAE04EC0-301F-11D3-BF4B-00C04F79EFBC}") = "GameOfLife", "GameOfLife\GameOfLife.csproj", "{0F63F33E-72EE-4DF1-99E7-761E7C572CC8}"
EndProject
Project("{FAE04EC0-301F-11D3-BF4B-00C04F79EFBC}") = "GameOfLife.Tests", "GameOfLife.Tests\GameOfLife.Tests.csproj", "{4B7F8E9C-8C84-491C-9E83-703F25B1273D}"
EndProject
Global
	GlobalSection(SolutionConfigurationPlatforms) = preSolution
		Debug|Any CPU = Debug|Any CPU
		Release|Any CPU = Release|Any CPU
	EndGlobalSection
	GlobalSection(ProjectConfigurationPlatforms) = postSolution
		{0F63F33E-72EE-4DF1-99E7-761E7C572CC8}.Debug|Any CPU.ActiveCfg = Debug|Any CPU
		{0F63F33E-72EE-4DF1-99E7-761E7C572CC8}.Debug|Any CPU.Build.0 = Debug|Any CPU
		{0F63F33E-72EE-4DF1-99E7-761E7C572CC8}.Release|Any CPU.ActiveCfg = Release|Any CPU
		{0F63F33E-72EE-4DF1-99E7-761E7C572CC8}.Release|Any CPU.Build.0 = Release|Any CPU
		{4B7F8E9C-8C84-491C-9E83-703F25B1273D}.Debug|Any CPU.ActiveCfg = Debug|Any CPU
		{4B7F8E9C-8C84-491C-9E83-703F25B1273D}.Debug|Any CPU.Build.0 = Debug|Any CPU
		{4B7F8E9C-8C84-491C-9E83-703F25B1273D}.Release|Any CPU.ActiveCfg = Release|Any CPU
		{4B7F8E9C-8C84-491C-9E83-703F25B1273D}.Release|Any CPU.Build.0 = Release|Any CPU
	EndGlobalSection
	GlobalSection(SolutionProperties) = preSolution
		HideSolutionNode = FALSE
	EndGlobalSection
EndGlobal
